// !$*UTF8*$!
{
	archiveVersion = 1;
	classes = {
	};
	objectVersion = 50;
	objects = {

/* Begin PBXBuildFile section */
		34037E6C24889381000E6CBB /* Cardify.swift in Sources */ = {isa = PBXBuildFile; fileRef = 34037E6B24889381000E6CBB /* Cardify.swift */; };
		343F6B052485F5FE00E56EA8 /* Grid.swift in Sources */ = {isa = PBXBuildFile; fileRef = 343F6B042485F5FE00E56EA8 /* Grid.swift */; };
		343F6B0724860FC000E56EA8 /* GridLayout.swift in Sources */ = {isa = PBXBuildFile; fileRef = 343F6B0624860FC000E56EA8 /* GridLayout.swift */; };
		343F6B092486123B00E56EA8 /* Array+Identifiable.swift in Sources */ = {isa = PBXBuildFile; fileRef = 343F6B082486123B00E56EA8 /* Array+Identifiable.swift */; };
		343F6B0B2486251900E56EA8 /* Array+Only.swift in Sources */ = {isa = PBXBuildFile; fileRef = 343F6B0A2486251900E56EA8 /* Array+Only.swift */; };
		34AA387424828CFB00A08491 /* AppDelegate.swift in Sources */ = {isa = PBXBuildFile; fileRef = 34AA387324828CFB00A08491 /* AppDelegate.swift */; };
		34AA387624828CFB00A08491 /* SceneDelegate.swift in Sources */ = {isa = PBXBuildFile; fileRef = 34AA387524828CFB00A08491 /* SceneDelegate.swift */; };
		34AA387824828CFB00A08491 /* EmojiMemoryGameView.swift in Sources */ = {isa = PBXBuildFile; fileRef = 34AA387724828CFB00A08491 /* EmojiMemoryGameView.swift */; };
		34AA387A24828CFF00A08491 /* Assets.xcassets in Resources */ = {isa = PBXBuildFile; fileRef = 34AA387924828CFF00A08491 /* Assets.xcassets */; };
		34AA387D24828CFF00A08491 /* Preview Assets.xcassets in Resources */ = {isa = PBXBuildFile; fileRef = 34AA387C24828CFF00A08491 /* Preview Assets.xcassets */; };
		34AA388024828CFF00A08491 /* LaunchScreen.storyboard in Resources */ = {isa = PBXBuildFile; fileRef = 34AA387E24828CFF00A08491 /* LaunchScreen.storyboard */; };
		34BFDB6E248735130013B75C /* Pie.swift in Sources */ = {isa = PBXBuildFile; fileRef = 34BFDB6D248735130013B75C /* Pie.swift */; };
		34E1A5C82483E36C0073B6AB /* MemoryGame.swift in Sources */ = {isa = PBXBuildFile; fileRef = 34E1A5C72483E36C0073B6AB /* MemoryGame.swift */; };
		34E1A5CA2483E6B40073B6AB /* EmojiMemoryGame.swift in Sources */ = {isa = PBXBuildFile; fileRef = 34E1A5C92483E6B40073B6AB /* EmojiMemoryGame.swift */; };
/* End PBXBuildFile section */

/* Begin PBXFileReference section */
		34037E6B24889381000E6CBB /* Cardify.swift */ = {isa = PBXFileReference; lastKnownFileType = sourcecode.swift; path = Cardify.swift; sourceTree = "<group>"; };
		343F6B042485F5FE00E56EA8 /* Grid.swift */ = {isa = PBXFileReference; lastKnownFileType = sourcecode.swift; path = Grid.swift; sourceTree = "<group>"; };
		343F6B0624860FC000E56EA8 /* GridLayout.swift */ = {isa = PBXFileReference; fileEncoding = 4; lastKnownFileType = sourcecode.swift; path = GridLayout.swift; sourceTree = "<group>"; };
		343F6B082486123B00E56EA8 /* Array+Identifiable.swift */ = {isa = PBXFileReference; lastKnownFileType = sourcecode.swift; path = "Array+Identifiable.swift"; sourceTree = "<group>"; };
		343F6B0A2486251900E56EA8 /* Array+Only.swift */ = {isa = PBXFileReference; lastKnownFileType = sourcecode.swift; path = "Array+Only.swift"; sourceTree = "<group>"; };
		34AA387024828CFB00A08491 /* Memorize.app */ = {isa = PBXFileReference; explicitFileType = wrapper.application; includeInIndex = 0; path = Memorize.app; sourceTree = BUILT_PRODUCTS_DIR; };
		34AA387324828CFB00A08491 /* AppDelegate.swift */ = {isa = PBXFileReference; lastKnownFileType = sourcecode.swift; path = AppDelegate.swift; sourceTree = "<group>"; };
		34AA387524828CFB00A08491 /* SceneDelegate.swift */ = {isa = PBXFileReference; lastKnownFileType = sourcecode.swift; path = SceneDelegate.swift; sourceTree = "<group>"; };
		34AA387724828CFB00A08491 /* EmojiMemoryGameView.swift */ = {isa = PBXFileReference; lastKnownFileType = sourcecode.swift; path = EmojiMemoryGameView.swift; sourceTree = "<group>"; };
		34AA387924828CFF00A08491 /* Assets.xcassets */ = {isa = PBXFileReference; lastKnownFileType = folder.assetcatalog; path = Assets.xcassets; sourceTree = "<group>"; };
		34AA387C24828CFF00A08491 /* Preview Assets.xcassets */ = {isa = PBXFileReference; lastKnownFileType = folder.assetcatalog; path = "Preview Assets.xcassets"; sourceTree = "<group>"; };
		34AA387F24828CFF00A08491 /* Base */ = {isa = PBXFileReference; lastKnownFileType = file.storyboard; name = Base; path = Base.lproj/LaunchScreen.storyboard; sourceTree = "<group>"; };
		34AA388124828CFF00A08491 /* Info.plist */ = {isa = PBXFileReference; lastKnownFileType = text.plist.xml; path = Info.plist; sourceTree = "<group>"; };
		34BFDB6D248735130013B75C /* Pie.swift */ = {isa = PBXFileReference; lastKnownFileType = sourcecode.swift; path = Pie.swift; sourceTree = "<group>"; };
		34E1A5C72483E36C0073B6AB /* MemoryGame.swift */ = {isa = PBXFileReference; lastKnownFileType = sourcecode.swift; path = MemoryGame.swift; sourceTree = "<group>"; };
		34E1A5C92483E6B40073B6AB /* EmojiMemoryGame.swift */ = {isa = PBXFileReference; lastKnownFileType = sourcecode.swift; path = EmojiMemoryGame.swift; sourceTree = "<group>"; };
/* End PBXFileReference section */

/* Begin PBXFrameworksBuildPhase section */
		34AA386D24828CFB00A08491 /* Frameworks */ = {
			isa = PBXFrameworksBuildPhase;
			buildActionMask = 2147483647;
			files = (
			);
			runOnlyForDeploymentPostprocessing = 0;
		};
/* End PBXFrameworksBuildPhase section */

/* Begin PBXGroup section */
		34AA386724828CFB00A08491 = {
			isa = PBXGroup;
			children = (
				34AA387224828CFB00A08491 /* Memorize */,
				34AA387124828CFB00A08491 /* Products */,
			);
			sourceTree = "<group>";
		};
		34AA387124828CFB00A08491 /* Products */ = {
			isa = PBXGroup;
			children = (
				34AA387024828CFB00A08491 /* Memorize.app */,
			);
			name = Products;
			sourceTree = "<group>";
		};
		34AA387224828CFB00A08491 /* Memorize */ = {
			isa = PBXGroup;
			children = (
				34AA387724828CFB00A08491 /* EmojiMemoryGameView.swift */,
				34037E6B24889381000E6CBB /* Cardify.swift */,
				34BFDB6D248735130013B75C /* Pie.swift */,
				34E1A5C92483E6B40073B6AB /* EmojiMemoryGame.swift */,
				34E1A5C72483E36C0073B6AB /* MemoryGame.swift */,
				343F6B082486123B00E56EA8 /* Array+Identifiable.swift */,
				343F6B0A2486251900E56EA8 /* Array+Only.swift */,
				343F6B042485F5FE00E56EA8 /* Grid.swift */,
				343F6B0624860FC000E56EA8 /* GridLayout.swift */,
				34AA387324828CFB00A08491 /* AppDelegate.swift */,
				34AA387524828CFB00A08491 /* SceneDelegate.swift */,
				34AA387924828CFF00A08491 /* Assets.xcassets */,
				34AA387E24828CFF00A08491 /* LaunchScreen.storyboard */,
				34AA388124828CFF00A08491 /* Info.plist */,
				34AA387B24828CFF00A08491 /* Preview Content */,
			);
			path = Memorize;
			sourceTree = "<group>";
		};
		34AA387B24828CFF00A08491 /* Preview Content */ = {
			isa = PBXGroup;
			children = (
				34AA387C24828CFF00A08491 /* Preview Assets.xcassets */,
			);
			path = "Preview Content";
			sourceTree = "<group>";
		};
/* End PBXGroup section */

/* Begin PBXNativeTarget section */
		34AA386F24828CFB00A08491 /* Memorize */ = {
			isa = PBXNativeTarget;
			buildConfigurationList = 34AA388424828CFF00A08491 /* Build configuration list for PBXNativeTarget "Memorize" */;
			buildPhases = (
				34AA386C24828CFB00A08491 /* Sources */,
				34AA386D24828CFB00A08491 /* Frameworks */,
				34AA386E24828CFB00A08491 /* Resources */,
			);
			buildRules = (
			);
			dependencies = (
			);
			name = Memorize;
			productName = Memorize;
			productReference = 34AA387024828CFB00A08491 /* Memorize.app */;
			productType = "com.apple.product-type.application";
		};
/* End PBXNativeTarget section */

/* Begin PBXProject section */
		34AA386824828CFB00A08491 /* Project object */ = {
			isa = PBXProject;
			attributes = {
				LastSwiftUpdateCheck = 1140;
				LastUpgradeCheck = 1140;
				ORGANIZATIONNAME = SXC;
				TargetAttributes = {
					34AA386F24828CFB00A08491 = {
						CreatedOnToolsVersion = 11.4;
					};
				};
			};
			buildConfigurationList = 34AA386B24828CFB00A08491 /* Build configuration list for PBXProject "Memorize" */;
			compatibilityVersion = "Xcode 9.3";
			developmentRegion = en;
			hasScannedForEncodings = 0;
			knownRegions = (
				en,
				Base,
			);
			mainGroup = 34AA386724828CFB00A08491;
			productRefGroup = 34AA387124828CFB00A08491 /* Products */;
			projectDirPath = "";
			projectRoot = "";
			targets = (
				34AA386F24828CFB00A08491 /* Memorize */,
			);
		};
/* End PBXProject section */

/* Begin PBXResourcesBuildPhase section */
		34AA386E24828CFB00A08491 /* Resources */ = {
			isa = PBXResourcesBuildPhase;
			buildActionMask = 2147483647;
			files = (
				34AA388024828CFF00A08491 /* LaunchScreen.storyboard in Resources */,
				34AA387D24828CFF00A08491 /* Preview Assets.xcassets in Resources */,
				34AA387A24828CFF00A08491 /* Assets.xcassets in Resources */,
			);
			runOnlyForDeploymentPostprocessing = 0;
		};
/* End PBXResourcesBuildPhase section */

/* Begin PBXSourcesBuildPhase section */
		34AA386C24828CFB00A08491 /* Sources */ = {
			isa = PBXSourcesBuildPhase;
			buildActionMask = 2147483647;
			files = (
				34037E6C24889381000E6CBB /* Cardify.swift in Sources */,
				34BFDB6E248735130013B75C /* Pie.swift in Sources */,
				34AA387424828CFB00A08491 /* AppDelegate.swift in Sources */,
				34AA387624828CFB00A08491 /* SceneDelegate.swift in Sources */,
				34E1A5C82483E36C0073B6AB /* MemoryGame.swift in Sources */,
				343F6B0B2486251900E56EA8 /* Array+Only.swift in Sources */,
				34AA387824828CFB00A08491 /* EmojiMemoryGameView.swift in Sources */,
				343F6B052485F5FE00E56EA8 /* Grid.swift in Sources */,
				343F6B092486123B00E56EA8 /* Array+Identifiable.swift in Sources */,
				343F6B0724860FC000E56EA8 /* GridLayout.swift in Sources */,
				34E1A5CA2483E6B40073B6AB /* EmojiMemoryGame.swift in Sources */,
			);
			runOnlyForDeploymentPostprocessing = 0;
		};
/* End PBXSourcesBuildPhase section */

/* Begin PBXVariantGroup section */
		34AA387E24828CFF00A08491 /* LaunchScreen.storyboard */ = {
			isa = PBXVariantGroup;
			children = (
				34AA387F24828CFF00A08491 /* Base */,
			);
			name = LaunchScreen.storyboard;
			sourceTree = "<group>";
		};
/* End PBXVariantGroup section */

/* Begin XCBuildConfiguration section */
		34AA388224828CFF00A08491 /* Debug */ = {
			isa = XCBuildConfiguration;
			buildSettings = {
				ALWAYS_SEARCH_USER_PATHS = NO;
				CLANG_ANALYZER_NONNULL = YES;
				CLANG_ANALYZER_NUMBER_OBJECT_CONVERSION = YES_AGGRESSIVE;
				CLANG_CXX_LANGUAGE_STANDARD = "gnu++14";
				CLANG_CXX_LIBRARY = "libc++";
				CLANG_ENABLE_MODULES = YES;
				CLANG_ENABLE_OBJC_ARC = YES;
				CLANG_ENABLE_OBJC_WEAK = YES;
				CLANG_WARN_BLOCK_CAPTURE_AUTORELEASING = YES;
				CLANG_WARN_BOOL_CONVERSION = YES;
				CLANG_WARN_COMMA = YES;
				CLANG_WARN_CONSTANT_CONVERSION = YES;
				CLANG_WARN_DEPRECATED_OBJC_IMPLEMENTATIONS = YES;
				CLANG_WARN_DIRECT_OBJC_ISA_USAGE = YES_ERROR;
				CLANG_WARN_DOCUMENTATION_COMMENTS = YES;
				CLANG_WARN_EMPTY_BODY = YES;
				CLANG_WARN_ENUM_CONVERSION = YES;
				CLANG_WARN_INFINITE_RECURSION = YES;
				CLANG_WARN_INT_CONVERSION = YES;
				CLANG_WARN_NON_LITERAL_NULL_CONVERSION = YES;
				CLANG_WARN_OBJC_IMPLICIT_RETAIN_SELF = YES;
				CLANG_WARN_OBJC_LITERAL_CONVERSION = YES;
				CLANG_WARN_OBJC_ROOT_CLASS = YES_ERROR;
				CLANG_WARN_RANGE_LOOP_ANALYSIS = YES;
				CLANG_WARN_STRICT_PROTOTYPES = YES;
				CLANG_WARN_SUSPICIOUS_MOVE = YES;
				CLANG_WARN_UNGUARDED_AVAILABILITY = YES_AGGRESSIVE;
				CLANG_WARN_UNREACHABLE_CODE = YES;
				CLANG_WARN__DUPLICATE_METHOD_MATCH = YES;
				COPY_PHASE_STRIP = NO;
				DEBUG_INFORMATION_FORMAT = dwarf;
				ENABLE_STRICT_OBJC_MSGSEND = YES;
				ENABLE_TESTABILITY = YES;
				GCC_C_LANGUAGE_STANDARD = gnu11;
				GCC_DYNAMIC_NO_PIC = NO;
				GCC_NO_COMMON_BLOCKS = YES;
				GCC_OPTIMIZATION_LEVEL = 0;
				GCC_PREPROCESSOR_DEFINITIONS = (
					"DEBUG=1",
					"$(inherited)",
				);
				GCC_WARN_64_TO_32_BIT_CONVERSION = YES;
				GCC_WARN_ABOUT_RETURN_TYPE = YES_ERROR;
				GCC_WARN_UNDECLARED_SELECTOR = YES;
				GCC_WARN_UNINITIALIZED_AUTOS = YES_AGGRESSIVE;
				GCC_WARN_UNUSED_FUNCTION = YES;
				GCC_WARN_UNUSED_VARIABLE = YES;
				IPHONEOS_DEPLOYMENT_TARGET = 13.4;
				MTL_ENABLE_DEBUG_INFO = INCLUDE_SOURCE;
				MTL_FAST_MATH = YES;
				ONLY_ACTIVE_ARCH = YES;
				SDKROOT = iphoneos;
				SWIFT_ACTIVE_COMPILATION_CONDITIONS = DEBUG;
				SWIFT_OPTIMIZATION_LEVEL = "-Onone";
			};
			name = Debug;
		};
		34AA388324828CFF00A08491 /* Release */ = {
			isa = XCBuildConfiguration;
			buildSettings = {
				ALWAYS_SEARCH_USER_PATHS = NO;
				CLANG_ANALYZER_NONNULL = YES;
				CLANG_ANALYZER_NUMBER_OBJECT_CONVERSION = YES_AGGRESSIVE;
				CLANG_CXX_LANGUAGE_STANDARD = "gnu++14";
				CLANG_CXX_LIBRARY = "libc++";
				CLANG_ENABLE_MODULES = YES;
				CLANG_ENABLE_OBJC_ARC = YES;
				CLANG_ENABLE_OBJC_WEAK = YES;
				CLANG_WARN_BLOCK_CAPTURE_AUTORELEASING = YES;
				CLANG_WARN_BOOL_CONVERSION = YES;
				CLANG_WARN_COMMA = YES;
				CLANG_WARN_CONSTANT_CONVERSION = YES;
				CLANG_WARN_DEPRECATED_OBJC_IMPLEMENTATIONS = YES;
				CLANG_WARN_DIRECT_OBJC_ISA_USAGE = YES_ERROR;
				CLANG_WARN_DOCUMENTATION_COMMENTS = YES;
				CLANG_WARN_EMPTY_BODY = YES;
				CLANG_WARN_ENUM_CONVERSION = YES;
				CLANG_WARN_INFINITE_RECURSION = YES;
				CLANG_WARN_INT_CONVERSION = YES;
				CLANG_WARN_NON_LITERAL_NULL_CONVERSION = YES;
				CLANG_WARN_OBJC_IMPLICIT_RETAIN_SELF = YES;
				CLANG_WARN_OBJC_LITERAL_CONVERSION = YES;
				CLANG_WARN_OBJC_ROOT_CLASS = YES_ERROR;
				CLANG_WARN_RANGE_LOOP_ANALYSIS = YES;
				CLANG_WARN_STRICT_PROTOTYPES = YES;
				CLANG_WARN_SUSPICIOUS_MOVE = YES;
				CLANG_WARN_UNGUARDED_AVAILABILITY = YES_AGGRESSIVE;
				CLANG_WARN_UNREACHABLE_CODE = YES;
				CLANG_WARN__DUPLICATE_METHOD_MATCH = YES;
				COPY_PHASE_STRIP = NO;
				DEBUG_INFORMATION_FORMAT = "dwarf-with-dsym";
				ENABLE_NS_ASSERTIONS = NO;
				ENABLE_STRICT_OBJC_MSGSEND = YES;
				GCC_C_LANGUAGE_STANDARD = gnu11;
				GCC_NO_COMMON_BLOCKS = YES;
				GCC_WARN_64_TO_32_BIT_CONVERSION = YES;
				GCC_WARN_ABOUT_RETURN_TYPE = YES_ERROR;
				GCC_WARN_UNDECLARED_SELECTOR = YES;
				GCC_WARN_UNINITIALIZED_AUTOS = YES_AGGRESSIVE;
				GCC_WARN_UNUSED_FUNCTION = YES;
				GCC_WARN_UNUSED_VARIABLE = YES;
				IPHONEOS_DEPLOYMENT_TARGET = 13.4;
				MTL_ENABLE_DEBUG_INFO = NO;
				MTL_FAST_MATH = YES;
				SDKROOT = iphoneos;
				SWIFT_COMPILATION_MODE = wholemodule;
				SWIFT_OPTIMIZATION_LEVEL = "-O";
				VALIDATE_PRODUCT = YES;
			};
			name = Release;
		};
		34AA388524828CFF00A08491 /* Debug */ = {
			isa = XCBuildConfiguration;
			buildSettings = {
				ASSETCATALOG_COMPILER_APPICON_NAME = AppIcon;
				CODE_SIGN_STYLE = Automatic;
				DEVELOPMENT_ASSET_PATHS = "\"Memorize/Preview Content\"";
				DEVELOPMENT_TEAM = SX2P37942F;
				ENABLE_PREVIEWS = YES;
				INFOPLIST_FILE = Memorize/Info.plist;
				LD_RUNPATH_SEARCH_PATHS = (
					"$(inherited)",
					"@executable_path/Frameworks",
				);
				PRODUCT_BUNDLE_IDENTIFIER = com.shenxiaochun.Memorize;
				PRODUCT_NAME = "$(TARGET_NAME)";
				SWIFT_VERSION = 5.0;
				TARGETED_DEVICE_FAMILY = "1,2";
			};
			name = Debug;
		};
		34AA388624828CFF00A08491 /* Release */ = {
			isa = XCBuildConfiguration;
			buildSettings = {
				ASSETCATALOG_COMPILER_APPICON_NAME = AppIcon;
				CODE_SIGN_STYLE = Automatic;
				DEVELOPMENT_ASSET_PATHS = "\"Memorize/Preview Content\"";
				DEVELOPMENT_TEAM = SX2P37942F;
				ENABLE_PREVIEWS = YES;
				INFOPLIST_FILE = Memorize/Info.plist;
				LD_RUNPATH_SEARCH_PATHS = (
					"$(inherited)",
					"@executable_path/Frameworks",
				);
				PRODUCT_BUNDLE_IDENTIFIER = com.shenxiaochun.Memorize;
				PRODUCT_NAME = "$(TARGET_NAME)";
				SWIFT_VERSION = 5.0;
				TARGETED_DEVICE_FAMILY = "1,2";
			};
			name = Release;
		};
/* End XCBuildConfiguration section */

/* Begin XCConfigurationList section */
		34AA386B24828CFB00A08491 /* Build configuration list for PBXProject "Memorize" */ = {
			isa = XCConfigurationList;
			buildConfigurations = (
				34AA388224828CFF00A08491 /* Debug */,
				34AA388324828CFF00A08491 /* Release */,
			);
			defaultConfigurationIsVisible = 0;
			defaultConfigurationName = Release;
		};
		34AA388424828CFF00A08491 /* Build configuration list for PBXNativeTarget "Memorize" */ = {
			isa = XCConfigurationList;
			buildConfigurations = (
				34AA388524828CFF00A08491 /* Debug */,
				34AA388624828CFF00A08491 /* Release */,
			);
			defaultConfigurationIsVisible = 0;
			defaultConfigurationName = Release;
		};
/* End XCConfigurationList section */
	};
	rootObject = 34AA386824828CFB00A08491 /* Project object */;
}
